Microsoft Visual Studio Solution File, Format Version 12.00
# Visual Studio Version 17
VisualStudioVersion = 17.5.2.0
MinimumVisualStudioVersion = 10.0.40219.1
Project("{FAE04EC0-301F-11D3-BF4B-00C04F79EFBC}") = "Practice Problems of Annotations", "Practice Problems of Annotations.csproj", "{84BEB53F-713F-8039-5553-18D014966A69}"
EndProject
Global
	GlobalSection(SolutionConfigurationPlatforms) = preSolution
		Debug|Any CPU = Debug|Any CPU
		Release|Any CPU = Release|Any CPU
	EndGlobalSection
	GlobalSection(ProjectConfigurationPlatforms) = postSolution
		{84BEB53F-713F-8039-5553-18D014966A69}.Debug|Any CPU.ActiveCfg = Debug|Any CPU
		{84BEB53F-713F-8039-5553-18D014966A69}.Debug|Any CPU.Build.0 = Debug|Any CPU
		{84BEB53F-713F-8039-5553-18D014966A69}.Release|Any CPU.ActiveCfg = Release|Any CPU
		{84BEB53F-713F-8039-5553-18D014966A69}.Release|Any CPU.Build.0 = Release|Any CPU
	EndGlobalSection
	GlobalSection(SolutionProperties) = preSolution
		HideSolutionNode = FALSE
	EndGlobalSection
	GlobalSection(ExtensibilityGlobals) = postSolution
		SolutionGuid = {E869D477-1BAE-4B41-9F62-1A8A57DD8AA8}
	EndGlobalSection
EndGlobal
