Microsoft Visual Studio Solution File, Format Version 12.00
# Visual Studio Version 17
VisualStudioVersion = 17.5.2.0
MinimumVisualStudioVersion = 10.0.40219.1
Project("{FAE04EC0-301F-11D3-BF4B-00C04F79EFBC}") = "Assignment-04-02-2025", "Assignment-04-02-2025.csproj", "{53A8B943-C403-A974-0DAE-4548EE9FE882}"
EndProject
Global
	GlobalSection(SolutionConfigurationPlatforms) = preSolution
		Debug|Any CPU = Debug|Any CPU
		Release|Any CPU = Release|Any CPU
	EndGlobalSection
	GlobalSection(ProjectConfigurationPlatforms) = postSolution
		{53A8B943-C403-A974-0DAE-4548EE9FE882}.Debug|Any CPU.ActiveCfg = Debug|Any CPU
		{53A8B943-C403-A974-0DAE-4548EE9FE882}.Debug|Any CPU.Build.0 = Debug|Any CPU
		{53A8B943-C403-A974-0DAE-4548EE9FE882}.Release|Any CPU.ActiveCfg = Release|Any CPU
		{53A8B943-C403-A974-0DAE-4548EE9FE882}.Release|Any CPU.Build.0 = Release|Any CPU
	EndGlobalSection
	GlobalSection(SolutionProperties) = preSolution
		HideSolutionNode = FALSE
	EndGlobalSection
	GlobalSection(ExtensibilityGlobals) = postSolution
		SolutionGuid = {6B3CB642-30A9-4CDA-811D-3F11FF473302}
	EndGlobalSection
EndGlobal
