Microsoft Visual Studio Solution File, Format Version 12.00
# Visual Studio Version 17
VisualStudioVersion = 17.5.2.0
MinimumVisualStudioVersion = 10.0.40219.1
Project("{FAE04EC0-301F-11D3-BF4B-00C04F79EFBC}") = "Day8ProblemStatement", "Day8ProblemStatement.csproj", "{B229AEA4-BC53-ED77-CA21-B076DA35F7D5}"
EndProject
Global
	GlobalSection(SolutionConfigurationPlatforms) = preSolution
		Debug|Any CPU = Debug|Any CPU
		Release|Any CPU = Release|Any CPU
	EndGlobalSection
	GlobalSection(ProjectConfigurationPlatforms) = postSolution
		{B229AEA4-BC53-ED77-CA21-B076DA35F7D5}.Debug|Any CPU.ActiveCfg = Debug|Any CPU
		{B229AEA4-BC53-ED77-CA21-B076DA35F7D5}.Debug|Any CPU.Build.0 = Debug|Any CPU
		{B229AEA4-BC53-ED77-CA21-B076DA35F7D5}.Release|Any CPU.ActiveCfg = Release|Any CPU
		{B229AEA4-BC53-ED77-CA21-B076DA35F7D5}.Release|Any CPU.Build.0 = Release|Any CPU
	EndGlobalSection
	GlobalSection(SolutionProperties) = preSolution
		HideSolutionNode = FALSE
	EndGlobalSection
	GlobalSection(ExtensibilityGlobals) = postSolution
		SolutionGuid = {B713842B-EDEA-41FF-ADD1-ED6B8E4A23CB}
	EndGlobalSection
EndGlobal
