Microsoft Visual Studio Solution File, Format Version 12.00
# Visual Studio Version 17
VisualStudioVersion = 17.5.2.0
MinimumVisualStudioVersion = 10.0.40219.1
Project("{FAE04EC0-301F-11D3-BF4B-00C04F79EFBC}") = "Symmetric Difference", "Symmetric Difference.csproj", "{BAEF49AE-888A-D721-D330-E11918BDBF23}"
EndProject
Global
	GlobalSection(SolutionConfigurationPlatforms) = preSolution
		Debug|Any CPU = Debug|Any CPU
		Release|Any CPU = Release|Any CPU
	EndGlobalSection
	GlobalSection(ProjectConfigurationPlatforms) = postSolution
		{BAEF49AE-888A-D721-D330-E11918BDBF23}.Debug|Any CPU.ActiveCfg = Debug|Any CPU
		{BAEF49AE-888A-D721-D330-E11918BDBF23}.Debug|Any CPU.Build.0 = Debug|Any CPU
		{BAEF49AE-888A-D721-D330-E11918BDBF23}.Release|Any CPU.ActiveCfg = Release|Any CPU
		{BAEF49AE-888A-D721-D330-E11918BDBF23}.Release|Any CPU.Build.0 = Release|Any CPU
	EndGlobalSection
	GlobalSection(SolutionProperties) = preSolution
		HideSolutionNode = FALSE
	EndGlobalSection
	GlobalSection(ExtensibilityGlobals) = postSolution
		SolutionGuid = {F0878196-0E62-4480-95E5-8ED56504C7AE}
	EndGlobalSection
EndGlobal
