
Microsoft Visual Studio Solution File, Format Version 12.00
# Visual Studio Version 17
VisualStudioVersion = 17.12.35707.178 d17.12
MinimumVisualStudioVersion = 10.0.40219.1
Project("{FAE04EC0-301F-11D3-BF4B-00C04F79EFBC}") = "SortingLargeDataEfficiently", "SortingLargeDataEfficiently\SortingLargeDataEfficiently.csproj", "{5E4E121E-5B76-404E-8BFB-2B6DF9BAE6E6}"
EndProject
Global
	GlobalSection(SolutionConfigurationPlatforms) = preSolution
		Debug|Any CPU = Debug|Any CPU
		Release|Any CPU = Release|Any CPU
	EndGlobalSection
	GlobalSection(ProjectConfigurationPlatforms) = postSolution
		{5E4E121E-5B76-404E-8BFB-2B6DF9BAE6E6}.Debug|Any CPU.ActiveCfg = Debug|Any CPU
		{5E4E121E-5B76-404E-8BFB-2B6DF9BAE6E6}.Debug|Any CPU.Build.0 = Debug|Any CPU
		{5E4E121E-5B76-404E-8BFB-2B6DF9BAE6E6}.Release|Any CPU.ActiveCfg = Release|Any CPU
		{5E4E121E-5B76-404E-8BFB-2B6DF9BAE6E6}.Release|Any CPU.Build.0 = Release|Any CPU
	EndGlobalSection
	GlobalSection(SolutionProperties) = preSolution
		HideSolutionNode = FALSE
	EndGlobalSection
EndGlobal
