Microsoft Visual Studio Solution File, Format Version 12.00
# Visual Studio Version 17
VisualStudioVersion = 17.5.2.0
MinimumVisualStudioVersion = 10.0.40219.1
Project("{FAE04EC0-301F-11D3-BF4B-00C04F79EFBC}") = "LongestConsecutiveSequence", "LongestConsecutiveSequence.csproj", "{1C8102AD-BB57-0C52-6AC1-E52BFAFA1EDD}"
EndProject
Global
	GlobalSection(SolutionConfigurationPlatforms) = preSolution
		Debug|Any CPU = Debug|Any CPU
		Release|Any CPU = Release|Any CPU
	EndGlobalSection
	GlobalSection(ProjectConfigurationPlatforms) = postSolution
		{1C8102AD-BB57-0C52-6AC1-E52BFAFA1EDD}.Debug|Any CPU.ActiveCfg = Debug|Any CPU
		{1C8102AD-BB57-0C52-6AC1-E52BFAFA1EDD}.Debug|Any CPU.Build.0 = Debug|Any CPU
		{1C8102AD-BB57-0C52-6AC1-E52BFAFA1EDD}.Release|Any CPU.ActiveCfg = Release|Any CPU
		{1C8102AD-BB57-0C52-6AC1-E52BFAFA1EDD}.Release|Any CPU.Build.0 = Release|Any CPU
	EndGlobalSection
	GlobalSection(SolutionProperties) = preSolution
		HideSolutionNode = FALSE
	EndGlobalSection
	GlobalSection(ExtensibilityGlobals) = postSolution
		SolutionGuid = {1EFEB893-0A4C-4D00-BAD1-11E55FE783B8}
	EndGlobalSection
EndGlobal
