Microsoft Visual Studio Solution File, Format Version 12.00
# Visual Studio Version 17
VisualStudioVersion = 17.5.2.0
MinimumVisualStudioVersion = 10.0.40219.1
Project("{FAE04EC0-301F-11D3-BF4B-00C04F79EFBC}") = "Constructor", "Constructor.csproj", "{945F6AE2-14C8-240D-0874-DA94747501B2}"
EndProject
Global
	GlobalSection(SolutionConfigurationPlatforms) = preSolution
		Debug|Any CPU = Debug|Any CPU
		Release|Any CPU = Release|Any CPU
	EndGlobalSection
	GlobalSection(ProjectConfigurationPlatforms) = postSolution
		{945F6AE2-14C8-240D-0874-DA94747501B2}.Debug|Any CPU.ActiveCfg = Debug|Any CPU
		{945F6AE2-14C8-240D-0874-DA94747501B2}.Debug|Any CPU.Build.0 = Debug|Any CPU
		{945F6AE2-14C8-240D-0874-DA94747501B2}.Release|Any CPU.ActiveCfg = Release|Any CPU
		{945F6AE2-14C8-240D-0874-DA94747501B2}.Release|Any CPU.Build.0 = Release|Any CPU
	EndGlobalSection
	GlobalSection(SolutionProperties) = preSolution
		HideSolutionNode = FALSE
	EndGlobalSection
	GlobalSection(ExtensibilityGlobals) = postSolution
		SolutionGuid = {57CD371E-600D-4EDB-94A4-2A15D14662B9}
	EndGlobalSection
EndGlobal
