Microsoft Visual Studio Solution File, Format Version 12.00
# Visual Studio Version 17
VisualStudioVersion = 17.5.2.0
MinimumVisualStudioVersion = 10.0.40219.1
Project("{FAE04EC0-301F-11D3-BF4B-00C04F79EFBC}") = "1.EmployeeManagementSystem", "1.EmployeeManagementSystem.csproj", "{A6C0C7B0-730E-07B7-1E6E-0D251AB8D874}"
EndProject
Global
	GlobalSection(SolutionConfigurationPlatforms) = preSolution
		Debug|Any CPU = Debug|Any CPU
		Release|Any CPU = Release|Any CPU
	EndGlobalSection
	GlobalSection(ProjectConfigurationPlatforms) = postSolution
		{A6C0C7B0-730E-07B7-1E6E-0D251AB8D874}.Debug|Any CPU.ActiveCfg = Debug|Any CPU
		{A6C0C7B0-730E-07B7-1E6E-0D251AB8D874}.Debug|Any CPU.Build.0 = Debug|Any CPU
		{A6C0C7B0-730E-07B7-1E6E-0D251AB8D874}.Release|Any CPU.ActiveCfg = Release|Any CPU
		{A6C0C7B0-730E-07B7-1E6E-0D251AB8D874}.Release|Any CPU.Build.0 = Release|Any CPU
	EndGlobalSection
	GlobalSection(SolutionProperties) = preSolution
		HideSolutionNode = FALSE
	EndGlobalSection
	GlobalSection(ExtensibilityGlobals) = postSolution
		SolutionGuid = {27DAE954-C956-4F49-B8FF-6C2CF00948D6}
	EndGlobalSection
EndGlobal
