Microsoft Visual Studio Solution File, Format Version 12.00
# Visual Studio Version 17
VisualStudioVersion = 17.5.2.0
MinimumVisualStudioVersion = 10.0.40219.1
Project("{FAE04EC0-301F-11D3-BF4B-00C04F79EFBC}") = "PracticeProblemsLvl2", "PracticeProblemsLvl2.csproj", "{B025C7F9-D8AE-1DBC-DA17-9BAF7EC1378F}"
EndProject
Global
	GlobalSection(SolutionConfigurationPlatforms) = preSolution
		Debug|Any CPU = Debug|Any CPU
		Release|Any CPU = Release|Any CPU
	EndGlobalSection
	GlobalSection(ProjectConfigurationPlatforms) = postSolution
		{B025C7F9-D8AE-1DBC-DA17-9BAF7EC1378F}.Debug|Any CPU.ActiveCfg = Debug|Any CPU
		{B025C7F9-D8AE-1DBC-DA17-9BAF7EC1378F}.Debug|Any CPU.Build.0 = Debug|Any CPU
		{B025C7F9-D8AE-1DBC-DA17-9BAF7EC1378F}.Release|Any CPU.ActiveCfg = Release|Any CPU
		{B025C7F9-D8AE-1DBC-DA17-9BAF7EC1378F}.Release|Any CPU.Build.0 = Release|Any CPU
	EndGlobalSection
	GlobalSection(SolutionProperties) = preSolution
		HideSolutionNode = FALSE
	EndGlobalSection
	GlobalSection(ExtensibilityGlobals) = postSolution
		SolutionGuid = {98D0B20E-5D08-4BDE-9744-1C41CA362EC0}
	EndGlobalSection
EndGlobal
