Microsoft Visual Studio Solution File, Format Version 12.00
# Visual Studio Version 17
VisualStudioVersion = 17.5.2.0
MinimumVisualStudioVersion = 10.0.40219.1
Project("{FAE04EC0-301F-11D3-BF4B-00C04F79EFBC}") = "EmployeeApp", "EmployeeApp.csproj", "{5ACB49E9-ADF0-76C0-12DC-76D358277FB1}"
EndProject
Global
	GlobalSection(SolutionConfigurationPlatforms) = preSolution
		Debug|Any CPU = Debug|Any CPU
		Release|Any CPU = Release|Any CPU
	EndGlobalSection
	GlobalSection(ProjectConfigurationPlatforms) = postSolution
		{5ACB49E9-ADF0-76C0-12DC-76D358277FB1}.Debug|Any CPU.ActiveCfg = Debug|Any CPU
		{5ACB49E9-ADF0-76C0-12DC-76D358277FB1}.Debug|Any CPU.Build.0 = Debug|Any CPU
		{5ACB49E9-ADF0-76C0-12DC-76D358277FB1}.Release|Any CPU.ActiveCfg = Release|Any CPU
		{5ACB49E9-ADF0-76C0-12DC-76D358277FB1}.Release|Any CPU.Build.0 = Release|Any CPU
	EndGlobalSection
	GlobalSection(SolutionProperties) = preSolution
		HideSolutionNode = FALSE
	EndGlobalSection
	GlobalSection(ExtensibilityGlobals) = postSolution
		SolutionGuid = {FE61382B-35D0-490D-9033-1FE089EB1030}
	EndGlobalSection
EndGlobal
