Microsoft Visual Studio Solution File, Format Version 12.00
# Visual Studio Version 17
VisualStudioVersion = 17.5.2.0
MinimumVisualStudioVersion = 10.0.40219.1
Project("{FAE04EC0-301F-11D3-BF4B-00C04F79EFBC}") = "StudentRecordManagement", "StudentRecordManagement.csproj", "{269FFC9C-C19E-7280-A4D1-CA01CC33CBEE}"
EndProject
Global
	GlobalSection(SolutionConfigurationPlatforms) = preSolution
		Debug|Any CPU = Debug|Any CPU
		Release|Any CPU = Release|Any CPU
	EndGlobalSection
	GlobalSection(ProjectConfigurationPlatforms) = postSolution
		{269FFC9C-C19E-7280-A4D1-CA01CC33CBEE}.Debug|Any CPU.ActiveCfg = Debug|Any CPU
		{269FFC9C-C19E-7280-A4D1-CA01CC33CBEE}.Debug|Any CPU.Build.0 = Debug|Any CPU
		{269FFC9C-C19E-7280-A4D1-CA01CC33CBEE}.Release|Any CPU.ActiveCfg = Release|Any CPU
		{269FFC9C-C19E-7280-A4D1-CA01CC33CBEE}.Release|Any CPU.Build.0 = Release|Any CPU
	EndGlobalSection
	GlobalSection(SolutionProperties) = preSolution
		HideSolutionNode = FALSE
	EndGlobalSection
	GlobalSection(ExtensibilityGlobals) = postSolution
		SolutionGuid = {6AFE993F-2C9D-4239-B345-FC9FCEE27EDD}
	EndGlobalSection
EndGlobal
