Microsoft Visual Studio Solution File, Format Version 12.00
# Visual Studio Version 17
VisualStudioVersion = 17.5.2.0
MinimumVisualStudioVersion = 10.0.40219.1
Project("{FAE04EC0-301F-11D3-BF4B-00C04F79EFBC}") = "Word Frequency Counter", "Word Frequency Counter.csproj", "{62299B16-14FA-E53F-19A9-85E41EF4FCFA}"
EndProject
Global
	GlobalSection(SolutionConfigurationPlatforms) = preSolution
		Debug|Any CPU = Debug|Any CPU
		Release|Any CPU = Release|Any CPU
	EndGlobalSection
	GlobalSection(ProjectConfigurationPlatforms) = postSolution
		{62299B16-14FA-E53F-19A9-85E41EF4FCFA}.Debug|Any CPU.ActiveCfg = Debug|Any CPU
		{62299B16-14FA-E53F-19A9-85E41EF4FCFA}.Debug|Any CPU.Build.0 = Debug|Any CPU
		{62299B16-14FA-E53F-19A9-85E41EF4FCFA}.Release|Any CPU.ActiveCfg = Release|Any CPU
		{62299B16-14FA-E53F-19A9-85E41EF4FCFA}.Release|Any CPU.Build.0 = Release|Any CPU
	EndGlobalSection
	GlobalSection(SolutionProperties) = preSolution
		HideSolutionNode = FALSE
	EndGlobalSection
	GlobalSection(ExtensibilityGlobals) = postSolution
		SolutionGuid = {41EEC1CA-586A-478C-9529-4126294322DE}
	EndGlobalSection
EndGlobal
