Microsoft Visual Studio Solution File, Format Version 12.00
# Visual Studio Version 17
VisualStudioVersion = 17.5.2.0
MinimumVisualStudioVersion = 10.0.40219.1
Project("{FAE04EC0-301F-11D3-BF4B-00C04F79EFBC}") = "Find Subsets", "Find Subsets.csproj", "{8CFCB931-E07A-892B-002D-8B0C02F745D0}"
EndProject
Global
	GlobalSection(SolutionConfigurationPlatforms) = preSolution
		Debug|Any CPU = Debug|Any CPU
		Release|Any CPU = Release|Any CPU
	EndGlobalSection
	GlobalSection(ProjectConfigurationPlatforms) = postSolution
		{8CFCB931-E07A-892B-002D-8B0C02F745D0}.Debug|Any CPU.ActiveCfg = Debug|Any CPU
		{8CFCB931-E07A-892B-002D-8B0C02F745D0}.Debug|Any CPU.Build.0 = Debug|Any CPU
		{8CFCB931-E07A-892B-002D-8B0C02F745D0}.Release|Any CPU.ActiveCfg = Release|Any CPU
		{8CFCB931-E07A-892B-002D-8B0C02F745D0}.Release|Any CPU.Build.0 = Release|Any CPU
	EndGlobalSection
	GlobalSection(SolutionProperties) = preSolution
		HideSolutionNode = FALSE
	EndGlobalSection
	GlobalSection(ExtensibilityGlobals) = postSolution
		SolutionGuid = {DC3F222C-DC5E-4888-AE7A-29B5519AF23B}
	EndGlobalSection
EndGlobal
