Microsoft Visual Studio Solution File, Format Version 12.00
# Visual Studio Version 17
VisualStudioVersion = 17.5.2.0
MinimumVisualStudioVersion = 10.0.40219.1
Project("{FAE04EC0-301F-11D3-BF4B-00C04F79EFBC}") = "Multi-Level University Course Management System", "Multi-Level University Course Management System.csproj", "{6C60C9AF-598E-E309-48A9-3970057618CC}"
EndProject
Global
	GlobalSection(SolutionConfigurationPlatforms) = preSolution
		Debug|Any CPU = Debug|Any CPU
		Release|Any CPU = Release|Any CPU
	EndGlobalSection
	GlobalSection(ProjectConfigurationPlatforms) = postSolution
		{6C60C9AF-598E-E309-48A9-3970057618CC}.Debug|Any CPU.ActiveCfg = Debug|Any CPU
		{6C60C9AF-598E-E309-48A9-3970057618CC}.Debug|Any CPU.Build.0 = Debug|Any CPU
		{6C60C9AF-598E-E309-48A9-3970057618CC}.Release|Any CPU.ActiveCfg = Release|Any CPU
		{6C60C9AF-598E-E309-48A9-3970057618CC}.Release|Any CPU.Build.0 = Release|Any CPU
	EndGlobalSection
	GlobalSection(SolutionProperties) = preSolution
		HideSolutionNode = FALSE
	EndGlobalSection
	GlobalSection(ExtensibilityGlobals) = postSolution
		SolutionGuid = {BA5C74E9-5BD2-4EF1-9E93-0C5228A2A84C}
	EndGlobalSection
EndGlobal
