Microsoft Visual Studio Solution File, Format Version 12.00
# Visual Studio Version 17
VisualStudioVersion = 17.5.2.0
MinimumVisualStudioVersion = 10.0.40219.1
Project("{FAE04EC0-301F-11D3-BF4B-00C04F79EFBC}") = "Hospital,Doctors,andPatients", "Hospital,Doctors,andPatients.csproj", "{92F62FE9-3EAE-2EF1-B864-65AAECDBA19B}"
EndProject
Global
	GlobalSection(SolutionConfigurationPlatforms) = preSolution
		Debug|Any CPU = Debug|Any CPU
		Release|Any CPU = Release|Any CPU
	EndGlobalSection
	GlobalSection(ProjectConfigurationPlatforms) = postSolution
		{92F62FE9-3EAE-2EF1-B864-65AAECDBA19B}.Debug|Any CPU.ActiveCfg = Debug|Any CPU
		{92F62FE9-3EAE-2EF1-B864-65AAECDBA19B}.Debug|Any CPU.Build.0 = Debug|Any CPU
		{92F62FE9-3EAE-2EF1-B864-65AAECDBA19B}.Release|Any CPU.ActiveCfg = Release|Any CPU
		{92F62FE9-3EAE-2EF1-B864-65AAECDBA19B}.Release|Any CPU.Build.0 = Release|Any CPU
	EndGlobalSection
	GlobalSection(SolutionProperties) = preSolution
		HideSolutionNode = FALSE
	EndGlobalSection
	GlobalSection(ExtensibilityGlobals) = postSolution
		SolutionGuid = {D9AB6325-6FDE-4E30-A242-A6F7CF42B44E}
	EndGlobalSection
EndGlobal
