Microsoft Visual Studio Solution File, Format Version 12.00
# Visual Studio Version 17
VisualStudioVersion = 17.5.2.0
MinimumVisualStudioVersion = 10.0.40219.1
Project("{FAE04EC0-301F-11D3-BF4B-00C04F79EFBC}") = "ImplementaCustomHashMap", "ImplementaCustomHashMap.csproj", "{D75D3ED5-7A5A-78B0-C099-A3C5DFEC45E6}"
EndProject
Global
	GlobalSection(SolutionConfigurationPlatforms) = preSolution
		Debug|Any CPU = Debug|Any CPU
		Release|Any CPU = Release|Any CPU
	EndGlobalSection
	GlobalSection(ProjectConfigurationPlatforms) = postSolution
		{D75D3ED5-7A5A-78B0-C099-A3C5DFEC45E6}.Debug|Any CPU.ActiveCfg = Debug|Any CPU
		{D75D3ED5-7A5A-78B0-C099-A3C5DFEC45E6}.Debug|Any CPU.Build.0 = Debug|Any CPU
		{D75D3ED5-7A5A-78B0-C099-A3C5DFEC45E6}.Release|Any CPU.ActiveCfg = Release|Any CPU
		{D75D3ED5-7A5A-78B0-C099-A3C5DFEC45E6}.Release|Any CPU.Build.0 = Release|Any CPU
	EndGlobalSection
	GlobalSection(SolutionProperties) = preSolution
		HideSolutionNode = FALSE
	EndGlobalSection
	GlobalSection(ExtensibilityGlobals) = postSolution
		SolutionGuid = {608BB59F-B483-4B7F-B7B3-F2D207BE31FE}
	EndGlobalSection
EndGlobal
