Microsoft Visual Studio Solution File, Format Version 12.00
# Visual Studio Version 17
VisualStudioVersion = 17.5.2.0
MinimumVisualStudioVersion = 10.0.40219.1
Project("{FAE04EC0-301F-11D3-BF4B-00C04F79EFBC}") = "UniversityManagement", "UniversityManagement.csproj", "{97CB3A01-146F-A630-1A98-E78CC36C5FFF}"
EndProject
Global
	GlobalSection(SolutionConfigurationPlatforms) = preSolution
		Debug|Any CPU = Debug|Any CPU
		Release|Any CPU = Release|Any CPU
	EndGlobalSection
	GlobalSection(ProjectConfigurationPlatforms) = postSolution
		{97CB3A01-146F-A630-1A98-E78CC36C5FFF}.Debug|Any CPU.ActiveCfg = Debug|Any CPU
		{97CB3A01-146F-A630-1A98-E78CC36C5FFF}.Debug|Any CPU.Build.0 = Debug|Any CPU
		{97CB3A01-146F-A630-1A98-E78CC36C5FFF}.Release|Any CPU.ActiveCfg = Release|Any CPU
		{97CB3A01-146F-A630-1A98-E78CC36C5FFF}.Release|Any CPU.Build.0 = Release|Any CPU
	EndGlobalSection
	GlobalSection(SolutionProperties) = preSolution
		HideSolutionNode = FALSE
	EndGlobalSection
	GlobalSection(ExtensibilityGlobals) = postSolution
		SolutionGuid = {3A5BCC39-154F-47F4-A50A-40B228B11EFD}
	EndGlobalSection
EndGlobal
