Microsoft Visual Studio Solution File, Format Version 12.00
# Visual Studio Version 17
VisualStudioVersion = 17.5.2.0
MinimumVisualStudioVersion = 10.0.40219.1
Project("{FAE04EC0-301F-11D3-BF4B-00C04F79EFBC}") = "CheckforaPairwithGivenSum", "CheckforaPairwithGivenSum.csproj", "{D9B53ACC-56C8-806F-197D-5D6C08D0ADE7}"
EndProject
Global
	GlobalSection(SolutionConfigurationPlatforms) = preSolution
		Debug|Any CPU = Debug|Any CPU
		Release|Any CPU = Release|Any CPU
	EndGlobalSection
	GlobalSection(ProjectConfigurationPlatforms) = postSolution
		{D9B53ACC-56C8-806F-197D-5D6C08D0ADE7}.Debug|Any CPU.ActiveCfg = Debug|Any CPU
		{D9B53ACC-56C8-806F-197D-5D6C08D0ADE7}.Debug|Any CPU.Build.0 = Debug|Any CPU
		{D9B53ACC-56C8-806F-197D-5D6C08D0ADE7}.Release|Any CPU.ActiveCfg = Release|Any CPU
		{D9B53ACC-56C8-806F-197D-5D6C08D0ADE7}.Release|Any CPU.Build.0 = Release|Any CPU
	EndGlobalSection
	GlobalSection(SolutionProperties) = preSolution
		HideSolutionNode = FALSE
	EndGlobalSection
	GlobalSection(ExtensibilityGlobals) = postSolution
		SolutionGuid = {E070EFCE-217C-422E-BCA6-777245241761}
	EndGlobalSection
EndGlobal
