Microsoft Visual Studio Solution File, Format Version 12.00
# Visual Studio Version 17
VisualStudioVersion = 17.5.2.0
MinimumVisualStudioVersion = 10.0.40219.1
Project("{FAE04EC0-301F-11D3-BF4B-00C04F79EFBC}") = "Find the Nth Element from the End", "Find the Nth Element from the End.csproj", "{3AFA6979-8C55-2CC1-B73F-37D9CFDBB190}"
EndProject
Global
	GlobalSection(SolutionConfigurationPlatforms) = preSolution
		Debug|Any CPU = Debug|Any CPU
		Release|Any CPU = Release|Any CPU
	EndGlobalSection
	GlobalSection(ProjectConfigurationPlatforms) = postSolution
		{3AFA6979-8C55-2CC1-B73F-37D9CFDBB190}.Debug|Any CPU.ActiveCfg = Debug|Any CPU
		{3AFA6979-8C55-2CC1-B73F-37D9CFDBB190}.Debug|Any CPU.Build.0 = Debug|Any CPU
		{3AFA6979-8C55-2CC1-B73F-37D9CFDBB190}.Release|Any CPU.ActiveCfg = Release|Any CPU
		{3AFA6979-8C55-2CC1-B73F-37D9CFDBB190}.Release|Any CPU.Build.0 = Release|Any CPU
	EndGlobalSection
	GlobalSection(SolutionProperties) = preSolution
		HideSolutionNode = FALSE
	EndGlobalSection
	GlobalSection(ExtensibilityGlobals) = postSolution
		SolutionGuid = {D342EF00-2F43-43E4-924A-A71DBF057E25}
	EndGlobalSection
EndGlobal
