Microsoft Visual Studio Solution File, Format Version 12.00
# Visual Studio Version 17
VisualStudioVersion = 17.5.2.0
MinimumVisualStudioVersion = 10.0.40219.1
Project("{FAE04EC0-301F-11D3-BF4B-00C04F79EFBC}") = "Remove Duplicates While Preserving Order", "Remove Duplicates While Preserving Order.csproj", "{4BE4DE5A-67B1-AA4F-86AC-EB3BA9186DF2}"
EndProject
Global
	GlobalSection(SolutionConfigurationPlatforms) = preSolution
		Debug|Any CPU = Debug|Any CPU
		Release|Any CPU = Release|Any CPU
	EndGlobalSection
	GlobalSection(ProjectConfigurationPlatforms) = postSolution
		{4BE4DE5A-67B1-AA4F-86AC-EB3BA9186DF2}.Debug|Any CPU.ActiveCfg = Debug|Any CPU
		{4BE4DE5A-67B1-AA4F-86AC-EB3BA9186DF2}.Debug|Any CPU.Build.0 = Debug|Any CPU
		{4BE4DE5A-67B1-AA4F-86AC-EB3BA9186DF2}.Release|Any CPU.ActiveCfg = Release|Any CPU
		{4BE4DE5A-67B1-AA4F-86AC-EB3BA9186DF2}.Release|Any CPU.Build.0 = Release|Any CPU
	EndGlobalSection
	GlobalSection(SolutionProperties) = preSolution
		HideSolutionNode = FALSE
	EndGlobalSection
	GlobalSection(ExtensibilityGlobals) = postSolution
		SolutionGuid = {62AB5804-6467-499B-B2BD-BE799E7E4B38}
	EndGlobalSection
EndGlobal
