Microsoft Visual Studio Solution File, Format Version 12.00
# Visual Studio Version 17
VisualStudioVersion = 17.5.2.0
MinimumVisualStudioVersion = 10.0.40219.1
Project("{FAE04EC0-301F-11D3-BF4B-00C04F79EFBC}") = "TwoSumProblem", "TwoSumProblem.csproj", "{60D96C62-04CE-66E6-1FB3-7AD95AEE2150}"
EndProject
Global
	GlobalSection(SolutionConfigurationPlatforms) = preSolution
		Debug|Any CPU = Debug|Any CPU
		Release|Any CPU = Release|Any CPU
	EndGlobalSection
	GlobalSection(ProjectConfigurationPlatforms) = postSolution
		{60D96C62-04CE-66E6-1FB3-7AD95AEE2150}.Debug|Any CPU.ActiveCfg = Debug|Any CPU
		{60D96C62-04CE-66E6-1FB3-7AD95AEE2150}.Debug|Any CPU.Build.0 = Debug|Any CPU
		{60D96C62-04CE-66E6-1FB3-7AD95AEE2150}.Release|Any CPU.ActiveCfg = Release|Any CPU
		{60D96C62-04CE-66E6-1FB3-7AD95AEE2150}.Release|Any CPU.Build.0 = Release|Any CPU
	EndGlobalSection
	GlobalSection(SolutionProperties) = preSolution
		HideSolutionNode = FALSE
	EndGlobalSection
	GlobalSection(ExtensibilityGlobals) = postSolution
		SolutionGuid = {E3B5ABD8-6015-4E0A-8600-60DDD5E3B633}
	EndGlobalSection
EndGlobal
