Microsoft Visual Studio Solution File, Format Version 12.00
# Visual Studio Version 17
VisualStudioVersion = 17.5.2.0
MinimumVisualStudioVersion = 10.0.40219.1
Project("{FAE04EC0-301F-11D3-BF4B-00C04F79EFBC}") = "3.VehicleRentalSystem", "3.VehicleRentalSystem.csproj", "{744E9992-37E4-9F32-6D33-771CB3740DA9}"
EndProject
Global
	GlobalSection(SolutionConfigurationPlatforms) = preSolution
		Debug|Any CPU = Debug|Any CPU
		Release|Any CPU = Release|Any CPU
	EndGlobalSection
	GlobalSection(ProjectConfigurationPlatforms) = postSolution
		{744E9992-37E4-9F32-6D33-771CB3740DA9}.Debug|Any CPU.ActiveCfg = Debug|Any CPU
		{744E9992-37E4-9F32-6D33-771CB3740DA9}.Debug|Any CPU.Build.0 = Debug|Any CPU
		{744E9992-37E4-9F32-6D33-771CB3740DA9}.Release|Any CPU.ActiveCfg = Release|Any CPU
		{744E9992-37E4-9F32-6D33-771CB3740DA9}.Release|Any CPU.Build.0 = Release|Any CPU
	EndGlobalSection
	GlobalSection(SolutionProperties) = preSolution
		HideSolutionNode = FALSE
	EndGlobalSection
	GlobalSection(ExtensibilityGlobals) = postSolution
		SolutionGuid = {38082D1E-B766-47E8-8DD9-2B63AB47AF93}
	EndGlobalSection
EndGlobal
